
Microsoft Visual Studio Solution File, Format Version 12.00
# Visual Studio Version 17
VisualStudioVersion = 17.0.31903.59
MinimumVisualStudioVersion = 10.0.40219.1
Project("{FAE04EC0-301F-11D3-BF4B-00C04F79EFBC}") = "Briosa.Desktop", "targets\2026.1.0529.7\src\Briosa.Desktop\Briosa.Desktop.csproj", "{D05AA3E9-2B07-403A-A2A4-7048B180A036}"
EndProject
Project("{FAE04EC0-301F-11D3-BF4B-00C04F79EFBC}") = "Briosa.Protocol", "targets\2026.1.0529.7\src\Briosa.Protocol\Briosa.Protocol.csproj", "{D7E6E0D5-46BB-45CF-97D2-1797FD0ACDD9}"
EndProject
Project("{FAE04EC0-301F-11D3-BF4B-00C04F79EFBC}") = "Briosa.ControlCenter", "targets\2026.1.0529.7\src\Briosa.ControlCenter\Briosa.ControlCenter.csproj", "{2F09D2F1-C418-4F8B-9347-08ADC8EE9135}"
EndProject
Project("{FAE04EC0-301F-11D3-BF4B-00C04F79EFBC}") = "Briosa.ControlCenter.Launcher", "targets\2026.1.0529.7\src\Briosa.ControlCenter.Launcher\Briosa.ControlCenter.Launcher.csproj", "{3DF60586-3C8D-4F95-9C0E-6424D4FC2E7E}"
EndProject
Project("{FAE04EC0-301F-11D3-BF4B-00C04F79EFBC}") = "Briosa.Server", "targets\2026.1.0529.7\src\Briosa.Server\Briosa.Server.csproj", "{F1BF34DC-6757-4C27-AE1A-184CF588CF66}"
EndProject
Project("{FAE04EC0-301F-11D3-BF4B-00C04F79EFBC}") = "Briosa.Worker.Control", "targets\2026.1.0529.7\src\Briosa.Worker.Control\Briosa.Worker.Control.csproj", "{AC7C9489-1711-4248-82A1-E1CC61E59ACF}"
EndProject
Project("{FAE04EC0-301F-11D3-BF4B-00C04F79EFBC}") = "Briosa.Worker", "targets\2026.1.0529.7\src\Briosa.Worker\Briosa.Worker.csproj", "{FA1FF07C-6231-4A5B-A294-FAE78C1946BB}"
EndProject
Project("{FAE04EC0-301F-11D3-BF4B-00C04F79EFBC}") = "Briosa.ControlCenter.Smoke", "targets\2026.1.0529.7\tests\Briosa.ControlCenter.Smoke\Briosa.ControlCenter.Smoke.csproj", "{62F79D70-2AC1-4857-84CF-401A769BF715}"
EndProject
Project("{FAE04EC0-301F-11D3-BF4B-00C04F79EFBC}") = "Briosa.Protocol.Tests", "targets\2026.1.0529.7\tests\Briosa.Protocol.Tests\Briosa.Protocol.Tests.csproj", "{6CD4AEEF-6D03-4D12-A210-6760C7345EB3}"
EndProject
Project("{FAE04EC0-301F-11D3-BF4B-00C04F79EFBC}") = "Briosa.Server.Tests", "targets\2026.1.0529.7\tests\Briosa.Server.Tests\Briosa.Server.Tests.csproj", "{AA76C7F0-3E64-4498-9318-671849DEAE9E}"
EndProject
Project("{FAE04EC0-301F-11D3-BF4B-00C04F79EFBC}") = "Briosa.SmokeWorker", "targets\2026.1.0529.7\tests\Briosa.SmokeWorker\Briosa.SmokeWorker.csproj", "{B1850AEF-A870-4132-9B74-53BDD2BBADA5}"
EndProject
Project("{FAE04EC0-301F-11D3-BF4B-00C04F79EFBC}") = "Briosa.Worker.TestHost", "targets\2026.1.0529.7\tests\Briosa.Worker.TestHost\Briosa.Worker.TestHost.csproj", "{22C68761-3CE8-43B0-845A-5D06EF4FA95A}"
EndProject
Project("{FAE04EC0-301F-11D3-BF4B-00C04F79EFBC}") = "Briosa.Worker.Testing", "targets\2026.1.0529.7\tests\Briosa.Worker.Testing\Briosa.Worker.Testing.csproj", "{ABFD8536-9AFE-462D-B7EA-283AC0CA23B1}"
EndProject
Project("{FAE04EC0-301F-11D3-BF4B-00C04F79EFBC}") = "Briosa.Worker.Tests", "targets\2026.1.0529.7\tests\Briosa.Worker.Tests\Briosa.Worker.Tests.csproj", "{D529BEAD-46EA-4AF7-8ED8-1B42D7C8D7F6}"
EndProject
Project("{FAE04EC0-301F-11D3-BF4B-00C04F79EFBC}") = "Briosa.InteropInspector", "targets\2026.1.0529.7\tools\Briosa.InteropInspector\Briosa.InteropInspector.csproj", "{305C0251-D0AE-4EEA-BFAB-DB454012A387}"
EndProject
Project("{FAE04EC0-301F-11D3-BF4B-00C04F79EFBC}") = "Briosa.LifecycleClient", "targets\2026.1.0529.7\tools\Briosa.LifecycleClient\Briosa.LifecycleClient.csproj", "{7FAECA5E-EE62-4625-85D9-A9C89B02DBFE}"
EndProject
Project("{FAE04EC0-301F-11D3-BF4B-00C04F79EFBC}") = "Briosa.SmokeClient", "targets\2026.1.0529.7\tools\Briosa.SmokeClient\Briosa.SmokeClient.csproj", "{E75848DE-6563-4F90-A506-5A3B63019276}"
EndProject
Project("{2150E333-8FDC-42A3-9474-1A3956D46DE8}") = "2024.1.0508.5", "2024.1.0508.5", "{AE8D01E0-8C80-0A68-F930-9F158C7BE372}"
EndProject
Project("{FAE04EC0-301F-11D3-BF4B-00C04F79EFBC}") = "Briosa.Desktop", "targets\2024.1.0508.5\src\Briosa.Desktop\Briosa.Desktop.csproj", "{5455F4A9-EF30-41C0-AEA7-63CE6D0EBA66}"
EndProject
Project("{FAE04EC0-301F-11D3-BF4B-00C04F79EFBC}") = "Briosa.Protocol", "targets\2024.1.0508.5\src\Briosa.Protocol\Briosa.Protocol.csproj", "{EEB55293-1665-4B85-903B-AF3330718BA2}"
EndProject
Project("{FAE04EC0-301F-11D3-BF4B-00C04F79EFBC}") = "Briosa.ControlCenter", "targets\2024.1.0508.5\src\Briosa.ControlCenter\Briosa.ControlCenter.csproj", "{8403EE0E-B5E6-413D-AFF1-FAFF2B92C557}"
EndProject
Project("{FAE04EC0-301F-11D3-BF4B-00C04F79EFBC}") = "Briosa.ControlCenter.Launcher", "targets\2024.1.0508.5\src\Briosa.ControlCenter.Launcher\Briosa.ControlCenter.Launcher.csproj", "{9124C446-3DA6-4B15-973D-95C02ACCC65E}"
EndProject
Project("{FAE04EC0-301F-11D3-BF4B-00C04F79EFBC}") = "Briosa.Server", "targets\2024.1.0508.5\src\Briosa.Server\Briosa.Server.csproj", "{9DA7DAD0-29EE-42EB-8FE1-D18331ADA1FD}"
EndProject
Project("{FAE04EC0-301F-11D3-BF4B-00C04F79EFBC}") = "Briosa.Worker.Control", "targets\2024.1.0508.5\src\Briosa.Worker.Control\Briosa.Worker.Control.csproj", "{AAEA8BB2-5C53-4B8E-826B-8022DAD1484F}"
EndProject
Project("{FAE04EC0-301F-11D3-BF4B-00C04F79EFBC}") = "Briosa.Worker", "targets\2024.1.0508.5\src\Briosa.Worker\Briosa.Worker.csproj", "{2943CF47-29DC-4B79-91E7-693DF45AC98D}"
EndProject
Project("{FAE04EC0-301F-11D3-BF4B-00C04F79EFBC}") = "Briosa.ControlCenter.Smoke", "targets\2024.1.0508.5\tests\Briosa.ControlCenter.Smoke\Briosa.ControlCenter.Smoke.csproj", "{422B922B-D3C9-41EB-A4FF-26FA4CB0EB97}"
EndProject
Project("{FAE04EC0-301F-11D3-BF4B-00C04F79EFBC}") = "Briosa.Protocol.Tests", "targets\2024.1.0508.5\tests\Briosa.Protocol.Tests\Briosa.Protocol.Tests.csproj", "{95C28C9F-7BA5-43C1-A3A0-EFD6E29FF391}"
EndProject
Project("{FAE04EC0-301F-11D3-BF4B-00C04F79EFBC}") = "Briosa.Server.Tests", "targets\2024.1.0508.5\tests\Briosa.Server.Tests\Briosa.Server.Tests.csproj", "{91D29BD4-62AA-4477-85BC-A402AF2971FD}"
EndProject
Project("{FAE04EC0-301F-11D3-BF4B-00C04F79EFBC}") = "Briosa.SmokeWorker", "targets\2024.1.0508.5\tests\Briosa.SmokeWorker\Briosa.SmokeWorker.csproj", "{B54C5926-EC45-4EDB-9DB0-4D801D34D413}"
EndProject
Project("{FAE04EC0-301F-11D3-BF4B-00C04F79EFBC}") = "Briosa.Worker.TestHost", "targets\2024.1.0508.5\tests\Briosa.Worker.TestHost\Briosa.Worker.TestHost.csproj", "{9CAD25A2-300F-4BEE-9E68-40460D3FF6B5}"
EndProject
Project("{FAE04EC0-301F-11D3-BF4B-00C04F79EFBC}") = "Briosa.Worker.Testing", "targets\2024.1.0508.5\tests\Briosa.Worker.Testing\Briosa.Worker.Testing.csproj", "{DBD6B776-4CDD-46B4-A5DB-FD9DD7E9C1C0}"
EndProject
Project("{FAE04EC0-301F-11D3-BF4B-00C04F79EFBC}") = "Briosa.Worker.Tests", "targets\2024.1.0508.5\tests\Briosa.Worker.Tests\Briosa.Worker.Tests.csproj", "{76869166-10D8-463F-B2D9-4B1A88710EC9}"
EndProject
Project("{FAE04EC0-301F-11D3-BF4B-00C04F79EFBC}") = "Briosa.InteropInspector", "targets\2024.1.0508.5\tools\Briosa.InteropInspector\Briosa.InteropInspector.csproj", "{994AA8D9-7C5E-4ED8-A69E-24C8DE6D88E2}"
EndProject
Project("{FAE04EC0-301F-11D3-BF4B-00C04F79EFBC}") = "Briosa.LifecycleClient", "targets\2024.1.0508.5\tools\Briosa.LifecycleClient\Briosa.LifecycleClient.csproj", "{5886B424-062E-49EC-80C5-4EFBEE523D75}"
EndProject
Project("{FAE04EC0-301F-11D3-BF4B-00C04F79EFBC}") = "Briosa.SmokeClient", "targets\2024.1.0508.5\tools\Briosa.SmokeClient\Briosa.SmokeClient.csproj", "{18948AC9-F85F-4650-AB33-1619273CF8E8}"
EndProject
Global
	GlobalSection(SolutionConfigurationPlatforms) = preSolution
		Debug|Any CPU = Debug|Any CPU
		Debug|x64 = Debug|x64
		Debug|x86 = Debug|x86
		Release|Any CPU = Release|Any CPU
		Release|x64 = Release|x64
		Release|x86 = Release|x86
	EndGlobalSection
	GlobalSection(ProjectConfigurationPlatforms) = postSolution
		{D05AA3E9-2B07-403A-A2A4-7048B180A036}.Debug|Any CPU.ActiveCfg = Debug|Any CPU
		{D05AA3E9-2B07-403A-A2A4-7048B180A036}.Debug|Any CPU.Build.0 = Debug|Any CPU
		{D05AA3E9-2B07-403A-A2A4-7048B180A036}.Debug|x64.ActiveCfg = Debug|Any CPU
		{D05AA3E9-2B07-403A-A2A4-7048B180A036}.Debug|x64.Build.0 = Debug|Any CPU
		{D05AA3E9-2B07-403A-A2A4-7048B180A036}.Debug|x86.ActiveCfg = Debug|Any CPU
		{D05AA3E9-2B07-403A-A2A4-7048B180A036}.Debug|x86.Build.0 = Debug|Any CPU
		{D05AA3E9-2B07-403A-A2A4-7048B180A036}.Release|Any CPU.ActiveCfg = Release|Any CPU
		{D05AA3E9-2B07-403A-A2A4-7048B180A036}.Release|Any CPU.Build.0 = Release|Any CPU
		{D05AA3E9-2B07-403A-A2A4-7048B180A036}.Release|x64.ActiveCfg = Release|Any CPU
		{D05AA3E9-2B07-403A-A2A4-7048B180A036}.Release|x64.Build.0 = Release|Any CPU
		{D05AA3E9-2B07-403A-A2A4-7048B180A036}.Release|x86.ActiveCfg = Release|Any CPU
		{D05AA3E9-2B07-403A-A2A4-7048B180A036}.Release|x86.Build.0 = Release|Any CPU
		{D7E6E0D5-46BB-45CF-97D2-1797FD0ACDD9}.Debug|Any CPU.ActiveCfg = Debug|Any CPU
		{D7E6E0D5-46BB-45CF-97D2-1797FD0ACDD9}.Debug|Any CPU.Build.0 = Debug|Any CPU
		{D7E6E0D5-46BB-45CF-97D2-1797FD0ACDD9}.Debug|x64.ActiveCfg = Debug|Any CPU
		{D7E6E0D5-46BB-45CF-97D2-1797FD0ACDD9}.Debug|x64.Build.0 = Debug|Any CPU
		{D7E6E0D5-46BB-45CF-97D2-1797FD0ACDD9}.Debug|x86.ActiveCfg = Debug|Any CPU
		{D7E6E0D5-46BB-45CF-97D2-1797FD0ACDD9}.Debug|x86.Build.0 = Debug|Any CPU
		{D7E6E0D5-46BB-45CF-97D2-1797FD0ACDD9}.Release|Any CPU.ActiveCfg = Release|Any CPU
		{D7E6E0D5-46BB-45CF-97D2-1797FD0ACDD9}.Release|Any CPU.Build.0 = Release|Any CPU
		{D7E6E0D5-46BB-45CF-97D2-1797FD0ACDD9}.Release|x64.ActiveCfg = Release|Any CPU
		{D7E6E0D5-46BB-45CF-97D2-1797FD0ACDD9}.Release|x64.Build.0 = Release|Any CPU
		{D7E6E0D5-46BB-45CF-97D2-1797FD0ACDD9}.Release|x86.ActiveCfg = Release|Any CPU
		{D7E6E0D5-46BB-45CF-97D2-1797FD0ACDD9}.Release|x86.Build.0 = Release|Any CPU
		{2F09D2F1-C418-4F8B-9347-08ADC8EE9135}.Debug|Any CPU.ActiveCfg = Debug|Any CPU
		{2F09D2F1-C418-4F8B-9347-08ADC8EE9135}.Debug|Any CPU.Build.0 = Debug|Any CPU
		{2F09D2F1-C418-4F8B-9347-08ADC8EE9135}.Debug|x64.ActiveCfg = Debug|Any CPU
		{2F09D2F1-C418-4F8B-9347-08ADC8EE9135}.Debug|x64.Build.0 = Debug|Any CPU
		{2F09D2F1-C418-4F8B-9347-08ADC8EE9135}.Debug|x86.ActiveCfg = Debug|Any CPU
		{2F09D2F1-C418-4F8B-9347-08ADC8EE9135}.Debug|x86.Build.0 = Debug|Any CPU
		{2F09D2F1-C418-4F8B-9347-08ADC8EE9135}.Release|Any CPU.ActiveCfg = Release|Any CPU
		{2F09D2F1-C418-4F8B-9347-08ADC8EE9135}.Release|Any CPU.Build.0 = Release|Any CPU
		{2F09D2F1-C418-4F8B-9347-08ADC8EE9135}.Release|x64.ActiveCfg = Release|Any CPU
		{2F09D2F1-C418-4F8B-9347-08ADC8EE9135}.Release|x64.Build.0 = Release|Any CPU
		{2F09D2F1-C418-4F8B-9347-08ADC8EE9135}.Release|x86.ActiveCfg = Release|Any CPU
		{2F09D2F1-C418-4F8B-9347-08ADC8EE9135}.Release|x86.Build.0 = Release|Any CPU
		{3DF60586-3C8D-4F95-9C0E-6424D4FC2E7E}.Debug|Any CPU.ActiveCfg = Debug|Any CPU
		{3DF60586-3C8D-4F95-9C0E-6424D4FC2E7E}.Debug|Any CPU.Build.0 = Debug|Any CPU
		{3DF60586-3C8D-4F95-9C0E-6424D4FC2E7E}.Debug|x64.ActiveCfg = Debug|Any CPU
		{3DF60586-3C8D-4F95-9C0E-6424D4FC2E7E}.Debug|x64.Build.0 = Debug|Any CPU
		{3DF60586-3C8D-4F95-9C0E-6424D4FC2E7E}.Debug|x86.ActiveCfg = Debug|Any CPU
		{3DF60586-3C8D-4F95-9C0E-6424D4FC2E7E}.Debug|x86.Build.0 = Debug|Any CPU
		{3DF60586-3C8D-4F95-9C0E-6424D4FC2E7E}.Release|Any CPU.ActiveCfg = Release|Any CPU
		{3DF60586-3C8D-4F95-9C0E-6424D4FC2E7E}.Release|Any CPU.Build.0 = Release|Any CPU
		{3DF60586-3C8D-4F95-9C0E-6424D4FC2E7E}.Release|x64.ActiveCfg = Release|Any CPU
		{3DF60586-3C8D-4F95-9C0E-6424D4FC2E7E}.Release|x64.Build.0 = Release|Any CPU
		{3DF60586-3C8D-4F95-9C0E-6424D4FC2E7E}.Release|x86.ActiveCfg = Release|Any CPU
		{3DF60586-3C8D-4F95-9C0E-6424D4FC2E7E}.Release|x86.Build.0 = Release|Any CPU
		{F1BF34DC-6757-4C27-AE1A-184CF588CF66}.Debug|Any CPU.ActiveCfg = Debug|Any CPU
		{F1BF34DC-6757-4C27-AE1A-184CF588CF66}.Debug|Any CPU.Build.0 = Debug|Any CPU
		{F1BF34DC-6757-4C27-AE1A-184CF588CF66}.Debug|x64.ActiveCfg = Debug|Any CPU
		{F1BF34DC-6757-4C27-AE1A-184CF588CF66}.Debug|x64.Build.0 = Debug|Any CPU
		{F1BF34DC-6757-4C27-AE1A-184CF588CF66}.Debug|x86.ActiveCfg = Debug|Any CPU
		{F1BF34DC-6757-4C27-AE1A-184CF588CF66}.Debug|x86.Build.0 = Debug|Any CPU
		{F1BF34DC-6757-4C27-AE1A-184CF588CF66}.Release|Any CPU.ActiveCfg = Release|Any CPU
		{F1BF34DC-6757-4C27-AE1A-184CF588CF66}.Release|Any CPU.Build.0 = Release|Any CPU
		{F1BF34DC-6757-4C27-AE1A-184CF588CF66}.Release|x64.ActiveCfg = Release|Any CPU
		{F1BF34DC-6757-4C27-AE1A-184CF588CF66}.Release|x64.Build.0 = Release|Any CPU
		{F1BF34DC-6757-4C27-AE1A-184CF588CF66}.Release|x86.ActiveCfg = Release|Any CPU
		{F1BF34DC-6757-4C27-AE1A-184CF588CF66}.Release|x86.Build.0 = Release|Any CPU
		{AC7C9489-1711-4248-82A1-E1CC61E59ACF}.Debug|Any CPU.ActiveCfg = Debug|Any CPU
		{AC7C9489-1711-4248-82A1-E1CC61E59ACF}.Debug|Any CPU.Build.0 = Debug|Any CPU
		{AC7C9489-1711-4248-82A1-E1CC61E59ACF}.Debug|x64.ActiveCfg = Debug|Any CPU
		{AC7C9489-1711-4248-82A1-E1CC61E59ACF}.Debug|x64.Build.0 = Debug|Any CPU
		{AC7C9489-1711-4248-82A1-E1CC61E59ACF}.Debug|x86.ActiveCfg = Debug|Any CPU
		{AC7C9489-1711-4248-82A1-E1CC61E59ACF}.Debug|x86.Build.0 = Debug|Any CPU
		{AC7C9489-1711-4248-82A1-E1CC61E59ACF}.Release|Any CPU.ActiveCfg = Release|Any CPU
		{AC7C9489-1711-4248-82A1-E1CC61E59ACF}.Release|Any CPU.Build.0 = Release|Any CPU
		{AC7C9489-1711-4248-82A1-E1CC61E59ACF}.Release|x64.ActiveCfg = Release|Any CPU
		{AC7C9489-1711-4248-82A1-E1CC61E59ACF}.Release|x64.Build.0 = Release|Any CPU
		{AC7C9489-1711-4248-82A1-E1CC61E59ACF}.Release|x86.ActiveCfg = Release|Any CPU
		{AC7C9489-1711-4248-82A1-E1CC61E59ACF}.Release|x86.Build.0 = Release|Any CPU
		{FA1FF07C-6231-4A5B-A294-FAE78C1946BB}.Debug|Any CPU.ActiveCfg = Debug|Any CPU
		{FA1FF07C-6231-4A5B-A294-FAE78C1946BB}.Debug|Any CPU.Build.0 = Debug|Any CPU
		{FA1FF07C-6231-4A5B-A294-FAE78C1946BB}.Debug|x64.ActiveCfg = Debug|Any CPU
		{FA1FF07C-6231-4A5B-A294-FAE78C1946BB}.Debug|x64.Build.0 = Debug|Any CPU
		{FA1FF07C-6231-4A5B-A294-FAE78C1946BB}.Debug|x86.ActiveCfg = Debug|Any CPU
		{FA1FF07C-6231-4A5B-A294-FAE78C1946BB}.Debug|x86.Build.0 = Debug|Any CPU
		{FA1FF07C-6231-4A5B-A294-FAE78C1946BB}.Release|Any CPU.ActiveCfg = Release|Any CPU
		{FA1FF07C-6231-4A5B-A294-FAE78C1946BB}.Release|Any CPU.Build.0 = Release|Any CPU
		{FA1FF07C-6231-4A5B-A294-FAE78C1946BB}.Release|x64.ActiveCfg = Release|Any CPU
		{FA1FF07C-6231-4A5B-A294-FAE78C1946BB}.Release|x64.Build.0 = Release|Any CPU
		{FA1FF07C-6231-4A5B-A294-FAE78C1946BB}.Release|x86.ActiveCfg = Release|Any CPU
		{FA1FF07C-6231-4A5B-A294-FAE78C1946BB}.Release|x86.Build.0 = Release|Any CPU
		{62F79D70-2AC1-4857-84CF-401A769BF715}.Debug|Any CPU.ActiveCfg = Debug|Any CPU
		{62F79D70-2AC1-4857-84CF-401A769BF715}.Debug|Any CPU.Build.0 = Debug|Any CPU
		{62F79D70-2AC1-4857-84CF-401A769BF715}.Debug|x64.ActiveCfg = Debug|Any CPU
		{62F79D70-2AC1-4857-84CF-401A769BF715}.Debug|x64.Build.0 = Debug|Any CPU
		{62F79D70-2AC1-4857-84CF-401A769BF715}.Debug|x86.ActiveCfg = Debug|Any CPU
		{62F79D70-2AC1-4857-84CF-401A769BF715}.Debug|x86.Build.0 = Debug|Any CPU
		{62F79D70-2AC1-4857-84CF-401A769BF715}.Release|Any CPU.ActiveCfg = Release|Any CPU
		{62F79D70-2AC1-4857-84CF-401A769BF715}.Release|Any CPU.Build.0 = Release|Any CPU
		{62F79D70-2AC1-4857-84CF-401A769BF715}.Release|x64.ActiveCfg = Release|Any CPU
		{62F79D70-2AC1-4857-84CF-401A769BF715}.Release|x64.Build.0 = Release|Any CPU
		{62F79D70-2AC1-4857-84CF-401A769BF715}.Release|x86.ActiveCfg = Release|Any CPU
		{62F79D70-2AC1-4857-84CF-401A769BF715}.Release|x86.Build.0 = Release|Any CPU
		{6CD4AEEF-6D03-4D12-A210-6760C7345EB3}.Debug|Any CPU.ActiveCfg = Debug|Any CPU
		{6CD4AEEF-6D03-4D12-A210-6760C7345EB3}.Debug|Any CPU.Build.0 = Debug|Any CPU
		{6CD4AEEF-6D03-4D12-A210-6760C7345EB3}.Debug|x64.ActiveCfg = Debug|Any CPU
		{6CD4AEEF-6D03-4D12-A210-6760C7345EB3}.Debug|x64.Build.0 = Debug|Any CPU
		{6CD4AEEF-6D03-4D12-A210-6760C7345EB3}.Debug|x86.ActiveCfg = Debug|Any CPU
		{6CD4AEEF-6D03-4D12-A210-6760C7345EB3}.Debug|x86.Build.0 = Debug|Any CPU
		{6CD4AEEF-6D03-4D12-A210-6760C7345EB3}.Release|Any CPU.ActiveCfg = Release|Any CPU
		{6CD4AEEF-6D03-4D12-A210-6760C7345EB3}.Release|Any CPU.Build.0 = Release|Any CPU
		{6CD4AEEF-6D03-4D12-A210-6760C7345EB3}.Release|x64.ActiveCfg = Release|Any CPU
		{6CD4AEEF-6D03-4D12-A210-6760C7345EB3}.Release|x64.Build.0 = Release|Any CPU
		{6CD4AEEF-6D03-4D12-A210-6760C7345EB3}.Release|x86.ActiveCfg = Release|Any CPU
		{6CD4AEEF-6D03-4D12-A210-6760C7345EB3}.Release|x86.Build.0 = Release|Any CPU
		{AA76C7F0-3E64-4498-9318-671849DEAE9E}.Debug|Any CPU.ActiveCfg = Debug|Any CPU
		{AA76C7F0-3E64-4498-9318-671849DEAE9E}.Debug|Any CPU.Build.0 = Debug|Any CPU
		{AA76C7F0-3E64-4498-9318-671849DEAE9E}.Debug|x64.ActiveCfg = Debug|Any CPU
		{AA76C7F0-3E64-4498-9318-671849DEAE9E}.Debug|x64.Build.0 = Debug|Any CPU
		{AA76C7F0-3E64-4498-9318-671849DEAE9E}.Debug|x86.ActiveCfg = Debug|Any CPU
		{AA76C7F0-3E64-4498-9318-671849DEAE9E}.Debug|x86.Build.0 = Debug|Any CPU
		{AA76C7F0-3E64-4498-9318-671849DEAE9E}.Release|Any CPU.ActiveCfg = Release|Any CPU
		{AA76C7F0-3E64-4498-9318-671849DEAE9E}.Release|Any CPU.Build.0 = Release|Any CPU
		{AA76C7F0-3E64-4498-9318-671849DEAE9E}.Release|x64.ActiveCfg = Release|Any CPU
		{AA76C7F0-3E64-4498-9318-671849DEAE9E}.Release|x64.Build.0 = Release|Any CPU
		{AA76C7F0-3E64-4498-9318-671849DEAE9E}.Release|x86.ActiveCfg = Release|Any CPU
		{AA76C7F0-3E64-4498-9318-671849DEAE9E}.Release|x86.Build.0 = Release|Any CPU
		{B1850AEF-A870-4132-9B74-53BDD2BBADA5}.Debug|Any CPU.ActiveCfg = Debug|Any CPU
		{B1850AEF-A870-4132-9B74-53BDD2BBADA5}.Debug|Any CPU.Build.0 = Debug|Any CPU
		{B1850AEF-A870-4132-9B74-53BDD2BBADA5}.Debug|x64.ActiveCfg = Debug|Any CPU
		{B1850AEF-A870-4132-9B74-53BDD2BBADA5}.Debug|x64.Build.0 = Debug|Any CPU
		{B1850AEF-A870-4132-9B74-53BDD2BBADA5}.Debug|x86.ActiveCfg = Debug|Any CPU
		{B1850AEF-A870-4132-9B74-53BDD2BBADA5}.Debug|x86.Build.0 = Debug|Any CPU
		{B1850AEF-A870-4132-9B74-53BDD2BBADA5}.Release|Any CPU.ActiveCfg = Release|Any CPU
		{B1850AEF-A870-4132-9B74-53BDD2BBADA5}.Release|Any CPU.Build.0 = Release|Any CPU
		{B1850AEF-A870-4132-9B74-53BDD2BBADA5}.Release|x64.ActiveCfg = Release|Any CPU
		{B1850AEF-A870-4132-9B74-53BDD2BBADA5}.Release|x64.Build.0 = Release|Any CPU
		{B1850AEF-A870-4132-9B74-53BDD2BBADA5}.Release|x86.ActiveCfg = Release|Any CPU
		{B1850AEF-A870-4132-9B74-53BDD2BBADA5}.Release|x86.Build.0 = Release|Any CPU
		{22C68761-3CE8-43B0-845A-5D06EF4FA95A}.Debug|Any CPU.ActiveCfg = Debug|Any CPU
		{22C68761-3CE8-43B0-845A-5D06EF4FA95A}.Debug|Any CPU.Build.0 = Debug|Any CPU
		{22C68761-3CE8-43B0-845A-5D06EF4FA95A}.Debug|x64.ActiveCfg = Debug|Any CPU
		{22C68761-3CE8-43B0-845A-5D06EF4FA95A}.Debug|x64.Build.0 = Debug|Any CPU
		{22C68761-3CE8-43B0-845A-5D06EF4FA95A}.Debug|x86.ActiveCfg = Debug|Any CPU
		{22C68761-3CE8-43B0-845A-5D06EF4FA95A}.Debug|x86.Build.0 = Debug|Any CPU
		{22C68761-3CE8-43B0-845A-5D06EF4FA95A}.Release|Any CPU.ActiveCfg = Release|Any CPU
		{22C68761-3CE8-43B0-845A-5D06EF4FA95A}.Release|Any CPU.Build.0 = Release|Any CPU
		{22C68761-3CE8-43B0-845A-5D06EF4FA95A}.Release|x64.ActiveCfg = Release|Any CPU
		{22C68761-3CE8-43B0-845A-5D06EF4FA95A}.Release|x64.Build.0 = Release|Any CPU
		{22C68761-3CE8-43B0-845A-5D06EF4FA95A}.Release|x86.ActiveCfg = Release|Any CPU
		{22C68761-3CE8-43B0-845A-5D06EF4FA95A}.Release|x86.Build.0 = Release|Any CPU
		{ABFD8536-9AFE-462D-B7EA-283AC0CA23B1}.Debug|Any CPU.ActiveCfg = Debug|Any CPU
		{ABFD8536-9AFE-462D-B7EA-283AC0CA23B1}.Debug|Any CPU.Build.0 = Debug|Any CPU
		{ABFD8536-9AFE-462D-B7EA-283AC0CA23B1}.Debug|x64.ActiveCfg = Debug|Any CPU
		{ABFD8536-9AFE-462D-B7EA-283AC0CA23B1}.Debug|x64.Build.0 = Debug|Any CPU
		{ABFD8536-9AFE-462D-B7EA-283AC0CA23B1}.Debug|x86.ActiveCfg = Debug|Any CPU
		{ABFD8536-9AFE-462D-B7EA-283AC0CA23B1}.Debug|x86.Build.0 = Debug|Any CPU
		{ABFD8536-9AFE-462D-B7EA-283AC0CA23B1}.Release|Any CPU.ActiveCfg = Release|Any CPU
		{ABFD8536-9AFE-462D-B7EA-283AC0CA23B1}.Release|Any CPU.Build.0 = Release|Any CPU
		{ABFD8536-9AFE-462D-B7EA-283AC0CA23B1}.Release|x64.ActiveCfg = Release|Any CPU
		{ABFD8536-9AFE-462D-B7EA-283AC0CA23B1}.Release|x64.Build.0 = Release|Any CPU
		{ABFD8536-9AFE-462D-B7EA-283AC0CA23B1}.Release|x86.ActiveCfg = Release|Any CPU
		{ABFD8536-9AFE-462D-B7EA-283AC0CA23B1}.Release|x86.Build.0 = Release|Any CPU
		{D529BEAD-46EA-4AF7-8ED8-1B42D7C8D7F6}.Debug|Any CPU.ActiveCfg = Debug|Any CPU
		{D529BEAD-46EA-4AF7-8ED8-1B42D7C8D7F6}.Debug|Any CPU.Build.0 = Debug|Any CPU
		{D529BEAD-46EA-4AF7-8ED8-1B42D7C8D7F6}.Debug|x64.ActiveCfg = Debug|Any CPU
		{D529BEAD-46EA-4AF7-8ED8-1B42D7C8D7F6}.Debug|x64.Build.0 = Debug|Any CPU
		{D529BEAD-46EA-4AF7-8ED8-1B42D7C8D7F6}.Debug|x86.ActiveCfg = Debug|Any CPU
		{D529BEAD-46EA-4AF7-8ED8-1B42D7C8D7F6}.Debug|x86.Build.0 = Debug|Any CPU
		{D529BEAD-46EA-4AF7-8ED8-1B42D7C8D7F6}.Release|Any CPU.ActiveCfg = Release|Any CPU
		{D529BEAD-46EA-4AF7-8ED8-1B42D7C8D7F6}.Release|Any CPU.Build.0 = Release|Any CPU
		{D529BEAD-46EA-4AF7-8ED8-1B42D7C8D7F6}.Release|x64.ActiveCfg = Release|Any CPU
		{D529BEAD-46EA-4AF7-8ED8-1B42D7C8D7F6}.Release|x64.Build.0 = Release|Any CPU
		{D529BEAD-46EA-4AF7-8ED8-1B42D7C8D7F6}.Release|x86.ActiveCfg = Release|Any CPU
		{D529BEAD-46EA-4AF7-8ED8-1B42D7C8D7F6}.Release|x86.Build.0 = Release|Any CPU
		{305C0251-D0AE-4EEA-BFAB-DB454012A387}.Debug|Any CPU.ActiveCfg = Debug|Any CPU
		{305C0251-D0AE-4EEA-BFAB-DB454012A387}.Debug|Any CPU.Build.0 = Debug|Any CPU
		{305C0251-D0AE-4EEA-BFAB-DB454012A387}.Debug|x64.ActiveCfg = Debug|Any CPU
		{305C0251-D0AE-4EEA-BFAB-DB454012A387}.Debug|x64.Build.0 = Debug|Any CPU
		{305C0251-D0AE-4EEA-BFAB-DB454012A387}.Debug|x86.ActiveCfg = Debug|Any CPU
		{305C0251-D0AE-4EEA-BFAB-DB454012A387}.Debug|x86.Build.0 = Debug|Any CPU
		{305C0251-D0AE-4EEA-BFAB-DB454012A387}.Release|Any CPU.ActiveCfg = Release|Any CPU
		{305C0251-D0AE-4EEA-BFAB-DB454012A387}.Release|Any CPU.Build.0 = Release|Any CPU
		{305C0251-D0AE-4EEA-BFAB-DB454012A387}.Release|x64.ActiveCfg = Release|Any CPU
		{305C0251-D0AE-4EEA-BFAB-DB454012A387}.Release|x64.Build.0 = Release|Any CPU
		{305C0251-D0AE-4EEA-BFAB-DB454012A387}.Release|x86.ActiveCfg = Release|Any CPU
		{305C0251-D0AE-4EEA-BFAB-DB454012A387}.Release|x86.Build.0 = Release|Any CPU
		{7FAECA5E-EE62-4625-85D9-A9C89B02DBFE}.Debug|Any CPU.ActiveCfg = Debug|Any CPU
		{7FAECA5E-EE62-4625-85D9-A9C89B02DBFE}.Debug|Any CPU.Build.0 = Debug|Any CPU
		{7FAECA5E-EE62-4625-85D9-A9C89B02DBFE}.Debug|x64.ActiveCfg = Debug|Any CPU
		{7FAECA5E-EE62-4625-85D9-A9C89B02DBFE}.Debug|x64.Build.0 = Debug|Any CPU
		{7FAECA5E-EE62-4625-85D9-A9C89B02DBFE}.Debug|x86.ActiveCfg = Debug|Any CPU
		{7FAECA5E-EE62-4625-85D9-A9C89B02DBFE}.Debug|x86.Build.0 = Debug|Any CPU
		{7FAECA5E-EE62-4625-85D9-A9C89B02DBFE}.Release|Any CPU.ActiveCfg = Release|Any CPU
		{7FAECA5E-EE62-4625-85D9-A9C89B02DBFE}.Release|Any CPU.Build.0 = Release|Any CPU
		{7FAECA5E-EE62-4625-85D9-A9C89B02DBFE}.Release|x64.ActiveCfg = Release|Any CPU
		{7FAECA5E-EE62-4625-85D9-A9C89B02DBFE}.Release|x64.Build.0 = Release|Any CPU
		{7FAECA5E-EE62-4625-85D9-A9C89B02DBFE}.Release|x86.ActiveCfg = Release|Any CPU
		{7FAECA5E-EE62-4625-85D9-A9C89B02DBFE}.Release|x86.Build.0 = Release|Any CPU
		{E75848DE-6563-4F90-A506-5A3B63019276}.Debug|Any CPU.ActiveCfg = Debug|Any CPU
		{E75848DE-6563-4F90-A506-5A3B63019276}.Debug|Any CPU.Build.0 = Debug|Any CPU
		{E75848DE-6563-4F90-A506-5A3B63019276}.Debug|x64.ActiveCfg = Debug|Any CPU
		{E75848DE-6563-4F90-A506-5A3B63019276}.Debug|x64.Build.0 = Debug|Any CPU
		{E75848DE-6563-4F90-A506-5A3B63019276}.Debug|x86.ActiveCfg = Debug|Any CPU
		{E75848DE-6563-4F90-A506-5A3B63019276}.Debug|x86.Build.0 = Debug|Any CPU
		{E75848DE-6563-4F90-A506-5A3B63019276}.Release|Any CPU.ActiveCfg = Release|Any CPU
		{E75848DE-6563-4F90-A506-5A3B63019276}.Release|Any CPU.Build.0 = Release|Any CPU
		{E75848DE-6563-4F90-A506-5A3B63019276}.Release|x64.ActiveCfg = Release|Any CPU
		{E75848DE-6563-4F90-A506-5A3B63019276}.Release|x64.Build.0 = Release|Any CPU
		{E75848DE-6563-4F90-A506-5A3B63019276}.Release|x86.ActiveCfg = Release|Any CPU
		{E75848DE-6563-4F90-A506-5A3B63019276}.Release|x86.Build.0 = Release|Any CPU
		{5455F4A9-EF30-41C0-AEA7-63CE6D0EBA66}.Debug|Any CPU.ActiveCfg = Debug|Any CPU
		{5455F4A9-EF30-41C0-AEA7-63CE6D0EBA66}.Debug|Any CPU.Build.0 = Debug|Any CPU
		{5455F4A9-EF30-41C0-AEA7-63CE6D0EBA66}.Debug|x64.ActiveCfg = Debug|Any CPU
		{5455F4A9-EF30-41C0-AEA7-63CE6D0EBA66}.Debug|x64.Build.0 = Debug|Any CPU
		{5455F4A9-EF30-41C0-AEA7-63CE6D0EBA66}.Debug|x86.ActiveCfg = Debug|Any CPU
		{5455F4A9-EF30-41C0-AEA7-63CE6D0EBA66}.Debug|x86.Build.0 = Debug|Any CPU
		{5455F4A9-EF30-41C0-AEA7-63CE6D0EBA66}.Release|Any CPU.ActiveCfg = Release|Any CPU
		{5455F4A9-EF30-41C0-AEA7-63CE6D0EBA66}.Release|Any CPU.Build.0 = Release|Any CPU
		{5455F4A9-EF30-41C0-AEA7-63CE6D0EBA66}.Release|x64.ActiveCfg = Release|Any CPU
		{5455F4A9-EF30-41C0-AEA7-63CE6D0EBA66}.Release|x64.Build.0 = Release|Any CPU
		{5455F4A9-EF30-41C0-AEA7-63CE6D0EBA66}.Release|x86.ActiveCfg = Release|Any CPU
		{5455F4A9-EF30-41C0-AEA7-63CE6D0EBA66}.Release|x86.Build.0 = Release|Any CPU
		{EEB55293-1665-4B85-903B-AF3330718BA2}.Debug|Any CPU.ActiveCfg = Debug|Any CPU
		{EEB55293-1665-4B85-903B-AF3330718BA2}.Debug|Any CPU.Build.0 = Debug|Any CPU
		{EEB55293-1665-4B85-903B-AF3330718BA2}.Debug|x64.ActiveCfg = Debug|Any CPU
		{EEB55293-1665-4B85-903B-AF3330718BA2}.Debug|x64.Build.0 = Debug|Any CPU
		{EEB55293-1665-4B85-903B-AF3330718BA2}.Debug|x86.ActiveCfg = Debug|Any CPU
		{EEB55293-1665-4B85-903B-AF3330718BA2}.Debug|x86.Build.0 = Debug|Any CPU
		{EEB55293-1665-4B85-903B-AF3330718BA2}.Release|Any CPU.ActiveCfg = Release|Any CPU
		{EEB55293-1665-4B85-903B-AF3330718BA2}.Release|Any CPU.Build.0 = Release|Any CPU
		{EEB55293-1665-4B85-903B-AF3330718BA2}.Release|x64.ActiveCfg = Release|Any CPU
		{EEB55293-1665-4B85-903B-AF3330718BA2}.Release|x64.Build.0 = Release|Any CPU
		{EEB55293-1665-4B85-903B-AF3330718BA2}.Release|x86.ActiveCfg = Release|Any CPU
		{EEB55293-1665-4B85-903B-AF3330718BA2}.Release|x86.Build.0 = Release|Any CPU
		{8403EE0E-B5E6-413D-AFF1-FAFF2B92C557}.Debug|Any CPU.ActiveCfg = Debug|Any CPU
		{8403EE0E-B5E6-413D-AFF1-FAFF2B92C557}.Debug|Any CPU.Build.0 = Debug|Any CPU
		{8403EE0E-B5E6-413D-AFF1-FAFF2B92C557}.Debug|x64.ActiveCfg = Debug|Any CPU
		{8403EE0E-B5E6-413D-AFF1-FAFF2B92C557}.Debug|x64.Build.0 = Debug|Any CPU
		{8403EE0E-B5E6-413D-AFF1-FAFF2B92C557}.Debug|x86.ActiveCfg = Debug|Any CPU
		{8403EE0E-B5E6-413D-AFF1-FAFF2B92C557}.Debug|x86.Build.0 = Debug|Any CPU
		{8403EE0E-B5E6-413D-AFF1-FAFF2B92C557}.Release|Any CPU.ActiveCfg = Release|Any CPU
		{8403EE0E-B5E6-413D-AFF1-FAFF2B92C557}.Release|Any CPU.Build.0 = Release|Any CPU
		{8403EE0E-B5E6-413D-AFF1-FAFF2B92C557}.Release|x64.ActiveCfg = Release|Any CPU
		{8403EE0E-B5E6-413D-AFF1-FAFF2B92C557}.Release|x64.Build.0 = Release|Any CPU
		{8403EE0E-B5E6-413D-AFF1-FAFF2B92C557}.Release|x86.ActiveCfg = Release|Any CPU
		{8403EE0E-B5E6-413D-AFF1-FAFF2B92C557}.Release|x86.Build.0 = Release|Any CPU
		{9124C446-3DA6-4B15-973D-95C02ACCC65E}.Debug|Any CPU.ActiveCfg = Debug|Any CPU
		{9124C446-3DA6-4B15-973D-95C02ACCC65E}.Debug|Any CPU.Build.0 = Debug|Any CPU
		{9124C446-3DA6-4B15-973D-95C02ACCC65E}.Debug|x64.ActiveCfg = Debug|Any CPU
		{9124C446-3DA6-4B15-973D-95C02ACCC65E}.Debug|x64.Build.0 = Debug|Any CPU
		{9124C446-3DA6-4B15-973D-95C02ACCC65E}.Debug|x86.ActiveCfg = Debug|Any CPU
		{9124C446-3DA6-4B15-973D-95C02ACCC65E}.Debug|x86.Build.0 = Debug|Any CPU
		{9124C446-3DA6-4B15-973D-95C02ACCC65E}.Release|Any CPU.ActiveCfg = Release|Any CPU
		{9124C446-3DA6-4B15-973D-95C02ACCC65E}.Release|Any CPU.Build.0 = Release|Any CPU
		{9124C446-3DA6-4B15-973D-95C02ACCC65E}.Release|x64.ActiveCfg = Release|Any CPU
		{9124C446-3DA6-4B15-973D-95C02ACCC65E}.Release|x64.Build.0 = Release|Any CPU
		{9124C446-3DA6-4B15-973D-95C02ACCC65E}.Release|x86.ActiveCfg = Release|Any CPU
		{9124C446-3DA6-4B15-973D-95C02ACCC65E}.Release|x86.Build.0 = Release|Any CPU
		{9DA7DAD0-29EE-42EB-8FE1-D18331ADA1FD}.Debug|Any CPU.ActiveCfg = Debug|Any CPU
		{9DA7DAD0-29EE-42EB-8FE1-D18331ADA1FD}.Debug|Any CPU.Build.0 = Debug|Any CPU
		{9DA7DAD0-29EE-42EB-8FE1-D18331ADA1FD}.Debug|x64.ActiveCfg = Debug|Any CPU
		{9DA7DAD0-29EE-42EB-8FE1-D18331ADA1FD}.Debug|x64.Build.0 = Debug|Any CPU
		{9DA7DAD0-29EE-42EB-8FE1-D18331ADA1FD}.Debug|x86.ActiveCfg = Debug|Any CPU
		{9DA7DAD0-29EE-42EB-8FE1-D18331ADA1FD}.Debug|x86.Build.0 = Debug|Any CPU
		{9DA7DAD0-29EE-42EB-8FE1-D18331ADA1FD}.Release|Any CPU.ActiveCfg = Release|Any CPU
		{9DA7DAD0-29EE-42EB-8FE1-D18331ADA1FD}.Release|Any CPU.Build.0 = Release|Any CPU
		{9DA7DAD0-29EE-42EB-8FE1-D18331ADA1FD}.Release|x64.ActiveCfg = Release|Any CPU
		{9DA7DAD0-29EE-42EB-8FE1-D18331ADA1FD}.Release|x64.Build.0 = Release|Any CPU
		{9DA7DAD0-29EE-42EB-8FE1-D18331ADA1FD}.Release|x86.ActiveCfg = Release|Any CPU
		{9DA7DAD0-29EE-42EB-8FE1-D18331ADA1FD}.Release|x86.Build.0 = Release|Any CPU
		{AAEA8BB2-5C53-4B8E-826B-8022DAD1484F}.Debug|Any CPU.ActiveCfg = Debug|Any CPU
		{AAEA8BB2-5C53-4B8E-826B-8022DAD1484F}.Debug|Any CPU.Build.0 = Debug|Any CPU
		{AAEA8BB2-5C53-4B8E-826B-8022DAD1484F}.Debug|x64.ActiveCfg = Debug|Any CPU
		{AAEA8BB2-5C53-4B8E-826B-8022DAD1484F}.Debug|x64.Build.0 = Debug|Any CPU
		{AAEA8BB2-5C53-4B8E-826B-8022DAD1484F}.Debug|x86.ActiveCfg = Debug|Any CPU
		{AAEA8BB2-5C53-4B8E-826B-8022DAD1484F}.Debug|x86.Build.0 = Debug|Any CPU
		{AAEA8BB2-5C53-4B8E-826B-8022DAD1484F}.Release|Any CPU.ActiveCfg = Release|Any CPU
		{AAEA8BB2-5C53-4B8E-826B-8022DAD1484F}.Release|Any CPU.Build.0 = Release|Any CPU
		{AAEA8BB2-5C53-4B8E-826B-8022DAD1484F}.Release|x64.ActiveCfg = Release|Any CPU
		{AAEA8BB2-5C53-4B8E-826B-8022DAD1484F}.Release|x64.Build.0 = Release|Any CPU
		{AAEA8BB2-5C53-4B8E-826B-8022DAD1484F}.Release|x86.ActiveCfg = Release|Any CPU
		{AAEA8BB2-5C53-4B8E-826B-8022DAD1484F}.Release|x86.Build.0 = Release|Any CPU
		{2943CF47-29DC-4B79-91E7-693DF45AC98D}.Debug|Any CPU.ActiveCfg = Debug|Any CPU
		{2943CF47-29DC-4B79-91E7-693DF45AC98D}.Debug|Any CPU.Build.0 = Debug|Any CPU
		{2943CF47-29DC-4B79-91E7-693DF45AC98D}.Debug|x64.ActiveCfg = Debug|Any CPU
		{2943CF47-29DC-4B79-91E7-693DF45AC98D}.Debug|x64.Build.0 = Debug|Any CPU
		{2943CF47-29DC-4B79-91E7-693DF45AC98D}.Debug|x86.ActiveCfg = Debug|Any CPU
		{2943CF47-29DC-4B79-91E7-693DF45AC98D}.Debug|x86.Build.0 = Debug|Any CPU
		{2943CF47-29DC-4B79-91E7-693DF45AC98D}.Release|Any CPU.ActiveCfg = Release|Any CPU
		{2943CF47-29DC-4B79-91E7-693DF45AC98D}.Release|Any CPU.Build.0 = Release|Any CPU
		{2943CF47-29DC-4B79-91E7-693DF45AC98D}.Release|x64.ActiveCfg = Release|Any CPU
		{2943CF47-29DC-4B79-91E7-693DF45AC98D}.Release|x64.Build.0 = Release|Any CPU
		{2943CF47-29DC-4B79-91E7-693DF45AC98D}.Release|x86.ActiveCfg = Release|Any CPU
		{2943CF47-29DC-4B79-91E7-693DF45AC98D}.Release|x86.Build.0 = Release|Any CPU
		{422B922B-D3C9-41EB-A4FF-26FA4CB0EB97}.Debug|Any CPU.ActiveCfg = Debug|Any CPU
		{422B922B-D3C9-41EB-A4FF-26FA4CB0EB97}.Debug|Any CPU.Build.0 = Debug|Any CPU
		{422B922B-D3C9-41EB-A4FF-26FA4CB0EB97}.Debug|x64.ActiveCfg = Debug|Any CPU
		{422B922B-D3C9-41EB-A4FF-26FA4CB0EB97}.Debug|x64.Build.0 = Debug|Any CPU
		{422B922B-D3C9-41EB-A4FF-26FA4CB0EB97}.Debug|x86.ActiveCfg = Debug|Any CPU
		{422B922B-D3C9-41EB-A4FF-26FA4CB0EB97}.Debug|x86.Build.0 = Debug|Any CPU
		{422B922B-D3C9-41EB-A4FF-26FA4CB0EB97}.Release|Any CPU.ActiveCfg = Release|Any CPU
		{422B922B-D3C9-41EB-A4FF-26FA4CB0EB97}.Release|Any CPU.Build.0 = Release|Any CPU
		{422B922B-D3C9-41EB-A4FF-26FA4CB0EB97}.Release|x64.ActiveCfg = Release|Any CPU
		{422B922B-D3C9-41EB-A4FF-26FA4CB0EB97}.Release|x64.Build.0 = Release|Any CPU
		{422B922B-D3C9-41EB-A4FF-26FA4CB0EB97}.Release|x86.ActiveCfg = Release|Any CPU
		{422B922B-D3C9-41EB-A4FF-26FA4CB0EB97}.Release|x86.Build.0 = Release|Any CPU
		{95C28C9F-7BA5-43C1-A3A0-EFD6E29FF391}.Debug|Any CPU.ActiveCfg = Debug|Any CPU
		{95C28C9F-7BA5-43C1-A3A0-EFD6E29FF391}.Debug|Any CPU.Build.0 = Debug|Any CPU
		{95C28C9F-7BA5-43C1-A3A0-EFD6E29FF391}.Debug|x64.ActiveCfg = Debug|Any CPU
		{95C28C9F-7BA5-43C1-A3A0-EFD6E29FF391}.Debug|x64.Build.0 = Debug|Any CPU
		{95C28C9F-7BA5-43C1-A3A0-EFD6E29FF391}.Debug|x86.ActiveCfg = Debug|Any CPU
		{95C28C9F-7BA5-43C1-A3A0-EFD6E29FF391}.Debug|x86.Build.0 = Debug|Any CPU
		{95C28C9F-7BA5-43C1-A3A0-EFD6E29FF391}.Release|Any CPU.ActiveCfg = Release|Any CPU
		{95C28C9F-7BA5-43C1-A3A0-EFD6E29FF391}.Release|Any CPU.Build.0 = Release|Any CPU
		{95C28C9F-7BA5-43C1-A3A0-EFD6E29FF391}.Release|x64.ActiveCfg = Release|Any CPU
		{95C28C9F-7BA5-43C1-A3A0-EFD6E29FF391}.Release|x64.Build.0 = Release|Any CPU
		{95C28C9F-7BA5-43C1-A3A0-EFD6E29FF391}.Release|x86.ActiveCfg = Release|Any CPU
		{95C28C9F-7BA5-43C1-A3A0-EFD6E29FF391}.Release|x86.Build.0 = Release|Any CPU
		{91D29BD4-62AA-4477-85BC-A402AF2971FD}.Debug|Any CPU.ActiveCfg = Debug|Any CPU
		{91D29BD4-62AA-4477-85BC-A402AF2971FD}.Debug|Any CPU.Build.0 = Debug|Any CPU
		{91D29BD4-62AA-4477-85BC-A402AF2971FD}.Debug|x64.ActiveCfg = Debug|Any CPU
		{91D29BD4-62AA-4477-85BC-A402AF2971FD}.Debug|x64.Build.0 = Debug|Any CPU
		{91D29BD4-62AA-4477-85BC-A402AF2971FD}.Debug|x86.ActiveCfg = Debug|Any CPU
		{91D29BD4-62AA-4477-85BC-A402AF2971FD}.Debug|x86.Build.0 = Debug|Any CPU
		{91D29BD4-62AA-4477-85BC-A402AF2971FD}.Release|Any CPU.ActiveCfg = Release|Any CPU
		{91D29BD4-62AA-4477-85BC-A402AF2971FD}.Release|Any CPU.Build.0 = Release|Any CPU
		{91D29BD4-62AA-4477-85BC-A402AF2971FD}.Release|x64.ActiveCfg = Release|Any CPU
		{91D29BD4-62AA-4477-85BC-A402AF2971FD}.Release|x64.Build.0 = Release|Any CPU
		{91D29BD4-62AA-4477-85BC-A402AF2971FD}.Release|x86.ActiveCfg = Release|Any CPU
		{91D29BD4-62AA-4477-85BC-A402AF2971FD}.Release|x86.Build.0 = Release|Any CPU
		{B54C5926-EC45-4EDB-9DB0-4D801D34D413}.Debug|Any CPU.ActiveCfg = Debug|Any CPU
		{B54C5926-EC45-4EDB-9DB0-4D801D34D413}.Debug|Any CPU.Build.0 = Debug|Any CPU
		{B54C5926-EC45-4EDB-9DB0-4D801D34D413}.Debug|x64.ActiveCfg = Debug|Any CPU
		{B54C5926-EC45-4EDB-9DB0-4D801D34D413}.Debug|x64.Build.0 = Debug|Any CPU
		{B54C5926-EC45-4EDB-9DB0-4D801D34D413}.Debug|x86.ActiveCfg = Debug|Any CPU
		{B54C5926-EC45-4EDB-9DB0-4D801D34D413}.Debug|x86.Build.0 = Debug|Any CPU
		{B54C5926-EC45-4EDB-9DB0-4D801D34D413}.Release|Any CPU.ActiveCfg = Release|Any CPU
		{B54C5926-EC45-4EDB-9DB0-4D801D34D413}.Release|Any CPU.Build.0 = Release|Any CPU
		{B54C5926-EC45-4EDB-9DB0-4D801D34D413}.Release|x64.ActiveCfg = Release|Any CPU
		{B54C5926-EC45-4EDB-9DB0-4D801D34D413}.Release|x64.Build.0 = Release|Any CPU
		{B54C5926-EC45-4EDB-9DB0-4D801D34D413}.Release|x86.ActiveCfg = Release|Any CPU
		{B54C5926-EC45-4EDB-9DB0-4D801D34D413}.Release|x86.Build.0 = Release|Any CPU
		{9CAD25A2-300F-4BEE-9E68-40460D3FF6B5}.Debug|Any CPU.ActiveCfg = Debug|Any CPU
		{9CAD25A2-300F-4BEE-9E68-40460D3FF6B5}.Debug|Any CPU.Build.0 = Debug|Any CPU
		{9CAD25A2-300F-4BEE-9E68-40460D3FF6B5}.Debug|x64.ActiveCfg = Debug|Any CPU
		{9CAD25A2-300F-4BEE-9E68-40460D3FF6B5}.Debug|x64.Build.0 = Debug|Any CPU
		{9CAD25A2-300F-4BEE-9E68-40460D3FF6B5}.Debug|x86.ActiveCfg = Debug|Any CPU
		{9CAD25A2-300F-4BEE-9E68-40460D3FF6B5}.Debug|x86.Build.0 = Debug|Any CPU
		{9CAD25A2-300F-4BEE-9E68-40460D3FF6B5}.Release|Any CPU.ActiveCfg = Release|Any CPU
		{9CAD25A2-300F-4BEE-9E68-40460D3FF6B5}.Release|Any CPU.Build.0 = Release|Any CPU
		{9CAD25A2-300F-4BEE-9E68-40460D3FF6B5}.Release|x64.ActiveCfg = Release|Any CPU
		{9CAD25A2-300F-4BEE-9E68-40460D3FF6B5}.Release|x64.Build.0 = Release|Any CPU
		{9CAD25A2-300F-4BEE-9E68-40460D3FF6B5}.Release|x86.ActiveCfg = Release|Any CPU
		{9CAD25A2-300F-4BEE-9E68-40460D3FF6B5}.Release|x86.Build.0 = Release|Any CPU
		{DBD6B776-4CDD-46B4-A5DB-FD9DD7E9C1C0}.Debug|Any CPU.ActiveCfg = Debug|Any CPU
		{DBD6B776-4CDD-46B4-A5DB-FD9DD7E9C1C0}.Debug|Any CPU.Build.0 = Debug|Any CPU
		{DBD6B776-4CDD-46B4-A5DB-FD9DD7E9C1C0}.Debug|x64.ActiveCfg = Debug|Any CPU
		{DBD6B776-4CDD-46B4-A5DB-FD9DD7E9C1C0}.Debug|x64.Build.0 = Debug|Any CPU
		{DBD6B776-4CDD-46B4-A5DB-FD9DD7E9C1C0}.Debug|x86.ActiveCfg = Debug|Any CPU
		{DBD6B776-4CDD-46B4-A5DB-FD9DD7E9C1C0}.Debug|x86.Build.0 = Debug|Any CPU
		{DBD6B776-4CDD-46B4-A5DB-FD9DD7E9C1C0}.Release|Any CPU.ActiveCfg = Release|Any CPU
		{DBD6B776-4CDD-46B4-A5DB-FD9DD7E9C1C0}.Release|Any CPU.Build.0 = Release|Any CPU
		{DBD6B776-4CDD-46B4-A5DB-FD9DD7E9C1C0}.Release|x64.ActiveCfg = Release|Any CPU
		{DBD6B776-4CDD-46B4-A5DB-FD9DD7E9C1C0}.Release|x64.Build.0 = Release|Any CPU
		{DBD6B776-4CDD-46B4-A5DB-FD9DD7E9C1C0}.Release|x86.ActiveCfg = Release|Any CPU
		{DBD6B776-4CDD-46B4-A5DB-FD9DD7E9C1C0}.Release|x86.Build.0 = Release|Any CPU
		{76869166-10D8-463F-B2D9-4B1A88710EC9}.Debug|Any CPU.ActiveCfg = Debug|Any CPU
		{76869166-10D8-463F-B2D9-4B1A88710EC9}.Debug|Any CPU.Build.0 = Debug|Any CPU
		{76869166-10D8-463F-B2D9-4B1A88710EC9}.Debug|x64.ActiveCfg = Debug|Any CPU
		{76869166-10D8-463F-B2D9-4B1A88710EC9}.Debug|x64.Build.0 = Debug|Any CPU
		{76869166-10D8-463F-B2D9-4B1A88710EC9}.Debug|x86.ActiveCfg = Debug|Any CPU
		{76869166-10D8-463F-B2D9-4B1A88710EC9}.Debug|x86.Build.0 = Debug|Any CPU
		{76869166-10D8-463F-B2D9-4B1A88710EC9}.Release|Any CPU.ActiveCfg = Release|Any CPU
		{76869166-10D8-463F-B2D9-4B1A88710EC9}.Release|Any CPU.Build.0 = Release|Any CPU
		{76869166-10D8-463F-B2D9-4B1A88710EC9}.Release|x64.ActiveCfg = Release|Any CPU
		{76869166-10D8-463F-B2D9-4B1A88710EC9}.Release|x64.Build.0 = Release|Any CPU
		{76869166-10D8-463F-B2D9-4B1A88710EC9}.Release|x86.ActiveCfg = Release|Any CPU
		{76869166-10D8-463F-B2D9-4B1A88710EC9}.Release|x86.Build.0 = Release|Any CPU
		{994AA8D9-7C5E-4ED8-A69E-24C8DE6D88E2}.Debug|Any CPU.ActiveCfg = Debug|Any CPU
		{994AA8D9-7C5E-4ED8-A69E-24C8DE6D88E2}.Debug|Any CPU.Build.0 = Debug|Any CPU
		{994AA8D9-7C5E-4ED8-A69E-24C8DE6D88E2}.Debug|x64.ActiveCfg = Debug|Any CPU
		{994AA8D9-7C5E-4ED8-A69E-24C8DE6D88E2}.Debug|x64.Build.0 = Debug|Any CPU
		{994AA8D9-7C5E-4ED8-A69E-24C8DE6D88E2}.Debug|x86.ActiveCfg = Debug|Any CPU
		{994AA8D9-7C5E-4ED8-A69E-24C8DE6D88E2}.Debug|x86.Build.0 = Debug|Any CPU
		{994AA8D9-7C5E-4ED8-A69E-24C8DE6D88E2}.Release|Any CPU.ActiveCfg = Release|Any CPU
		{994AA8D9-7C5E-4ED8-A69E-24C8DE6D88E2}.Release|Any CPU.Build.0 = Release|Any CPU
		{994AA8D9-7C5E-4ED8-A69E-24C8DE6D88E2}.Release|x64.ActiveCfg = Release|Any CPU
		{994AA8D9-7C5E-4ED8-A69E-24C8DE6D88E2}.Release|x64.Build.0 = Release|Any CPU
		{994AA8D9-7C5E-4ED8-A69E-24C8DE6D88E2}.Release|x86.ActiveCfg = Release|Any CPU
		{994AA8D9-7C5E-4ED8-A69E-24C8DE6D88E2}.Release|x86.Build.0 = Release|Any CPU
		{5886B424-062E-49EC-80C5-4EFBEE523D75}.Debug|Any CPU.ActiveCfg = Debug|Any CPU
		{5886B424-062E-49EC-80C5-4EFBEE523D75}.Debug|Any CPU.Build.0 = Debug|Any CPU
		{5886B424-062E-49EC-80C5-4EFBEE523D75}.Debug|x64.ActiveCfg = Debug|Any CPU
		{5886B424-062E-49EC-80C5-4EFBEE523D75}.Debug|x64.Build.0 = Debug|Any CPU
		{5886B424-062E-49EC-80C5-4EFBEE523D75}.Debug|x86.ActiveCfg = Debug|Any CPU
		{5886B424-062E-49EC-80C5-4EFBEE523D75}.Debug|x86.Build.0 = Debug|Any CPU
		{5886B424-062E-49EC-80C5-4EFBEE523D75}.Release|Any CPU.ActiveCfg = Release|Any CPU
		{5886B424-062E-49EC-80C5-4EFBEE523D75}.Release|Any CPU.Build.0 = Release|Any CPU
		{5886B424-062E-49EC-80C5-4EFBEE523D75}.Release|x64.ActiveCfg = Release|Any CPU
		{5886B424-062E-49EC-80C5-4EFBEE523D75}.Release|x64.Build.0 = Release|Any CPU
		{5886B424-062E-49EC-80C5-4EFBEE523D75}.Release|x86.ActiveCfg = Release|Any CPU
		{5886B424-062E-49EC-80C5-4EFBEE523D75}.Release|x86.Build.0 = Release|Any CPU
		{18948AC9-F85F-4650-AB33-1619273CF8E8}.Debug|Any CPU.ActiveCfg = Debug|Any CPU
		{18948AC9-F85F-4650-AB33-1619273CF8E8}.Debug|Any CPU.Build.0 = Debug|Any CPU
		{18948AC9-F85F-4650-AB33-1619273CF8E8}.Debug|x64.ActiveCfg = Debug|Any CPU
		{18948AC9-F85F-4650-AB33-1619273CF8E8}.Debug|x64.Build.0 = Debug|Any CPU
		{18948AC9-F85F-4650-AB33-1619273CF8E8}.Debug|x86.ActiveCfg = Debug|Any CPU
		{18948AC9-F85F-4650-AB33-1619273CF8E8}.Debug|x86.Build.0 = Debug|Any CPU
		{18948AC9-F85F-4650-AB33-1619273CF8E8}.Release|Any CPU.ActiveCfg = Release|Any CPU
		{18948AC9-F85F-4650-AB33-1619273CF8E8}.Release|Any CPU.Build.0 = Release|Any CPU
		{18948AC9-F85F-4650-AB33-1619273CF8E8}.Release|x64.ActiveCfg = Release|Any CPU
		{18948AC9-F85F-4650-AB33-1619273CF8E8}.Release|x64.Build.0 = Release|Any CPU
		{18948AC9-F85F-4650-AB33-1619273CF8E8}.Release|x86.ActiveCfg = Release|Any CPU
		{18948AC9-F85F-4650-AB33-1619273CF8E8}.Release|x86.Build.0 = Release|Any CPU
	EndGlobalSection
	GlobalSection(SolutionProperties) = preSolution
		HideSolutionNode = FALSE
	EndGlobalSection
	GlobalSection(NestedProjects) = preSolution
		{5455F4A9-EF30-41C0-AEA7-63CE6D0EBA66} = {AE8D01E0-8C80-0A68-F930-9F158C7BE372}
		{EEB55293-1665-4B85-903B-AF3330718BA2} = {AE8D01E0-8C80-0A68-F930-9F158C7BE372}
		{8403EE0E-B5E6-413D-AFF1-FAFF2B92C557} = {AE8D01E0-8C80-0A68-F930-9F158C7BE372}
		{9124C446-3DA6-4B15-973D-95C02ACCC65E} = {AE8D01E0-8C80-0A68-F930-9F158C7BE372}
		{9DA7DAD0-29EE-42EB-8FE1-D18331ADA1FD} = {AE8D01E0-8C80-0A68-F930-9F158C7BE372}
		{AAEA8BB2-5C53-4B8E-826B-8022DAD1484F} = {AE8D01E0-8C80-0A68-F930-9F158C7BE372}
		{2943CF47-29DC-4B79-91E7-693DF45AC98D} = {AE8D01E0-8C80-0A68-F930-9F158C7BE372}
		{422B922B-D3C9-41EB-A4FF-26FA4CB0EB97} = {AE8D01E0-8C80-0A68-F930-9F158C7BE372}
		{95C28C9F-7BA5-43C1-A3A0-EFD6E29FF391} = {AE8D01E0-8C80-0A68-F930-9F158C7BE372}
		{91D29BD4-62AA-4477-85BC-A402AF2971FD} = {AE8D01E0-8C80-0A68-F930-9F158C7BE372}
		{B54C5926-EC45-4EDB-9DB0-4D801D34D413} = {AE8D01E0-8C80-0A68-F930-9F158C7BE372}
		{9CAD25A2-300F-4BEE-9E68-40460D3FF6B5} = {AE8D01E0-8C80-0A68-F930-9F158C7BE372}
		{DBD6B776-4CDD-46B4-A5DB-FD9DD7E9C1C0} = {AE8D01E0-8C80-0A68-F930-9F158C7BE372}
		{76869166-10D8-463F-B2D9-4B1A88710EC9} = {AE8D01E0-8C80-0A68-F930-9F158C7BE372}
		{994AA8D9-7C5E-4ED8-A69E-24C8DE6D88E2} = {AE8D01E0-8C80-0A68-F930-9F158C7BE372}
		{5886B424-062E-49EC-80C5-4EFBEE523D75} = {AE8D01E0-8C80-0A68-F930-9F158C7BE372}
		{18948AC9-F85F-4650-AB33-1619273CF8E8} = {AE8D01E0-8C80-0A68-F930-9F158C7BE372}
	EndGlobalSection
EndGlobal
