{
  "version": 2,
  "dependencies": {
    "net10.0-windows7.0": {
      "Briosa.ControlCenter.App": {
        "type": "Project",
        "dependencies": {
          "Briosa.Desktop": "[1.0.0, )"
        }
      },
      "briosa.desktop": {
        "type": "Project",
        "dependencies": {
          "Briosa.Protocol": "[1.0.0, )"
        }
      },
      "briosa.protocol": {
        "type": "Project",
        "dependencies": {
          "Google.Protobuf": "[3.36.2, )",
          "Grpc.Core.Api": "[2.83.0, )"
        }
      },
      "Google.Protobuf": {
        "type": "CentralTransitive",
        "requested": "[3.36.2, )",
        "resolved": "3.36.2",
        "contentHash": "Ci1q1iJg74qAE5riTA2FbMS0wPbpruPQI/JQ9DrAsRo2VsSxgt1e/pmxGxgrci+pXJEgrSYg2vPl8rrStZkclQ=="
      },
      "Grpc.Core.Api": {
        "type": "CentralTransitive",
        "requested": "[2.83.0, )",
        "resolved": "2.83.0",
        "contentHash": "xU8BT2bCw4Ct+/qIFJhhjkDEilKUbBOfp4US7l3Xa3hnlkN9l2LgISCbOw4PFYpW5jJFcK7FUAyWOFIQ94Hiqg=="
      }
    }
  }
}