{
  "version": 2,
  "dependencies": {
    "net10.0-windows7.0": {
      "Grpc.AspNetCore": {
        "type": "Direct",
        "requested": "[2.80.0, )",
        "resolved": "2.80.0",
        "contentHash": "ASbJbdtCUlGiKxe9NsN/QeG1PdibYoN0pEgP9U87cvS6HV0XsT+VdO/g2M6Ri8zZURfX5c7MBTaFVP/YCrC72A==",
        "dependencies": {
          "Google.Protobuf": "3.31.1",
          "Grpc.AspNetCore.Server.ClientFactory": "2.80.0",
          "Grpc.Tools": "2.80.0"
        }
      },
      "Grpc.AspNetCore.HealthChecks": {
        "type": "Direct",
        "requested": "[2.80.0, )",
        "resolved": "2.80.0",
        "contentHash": "5m/l/iThYxNAeAMBTr4ndcAFPtkPKO1Kwe66534aDo5ntiH/VOQ6aNevW0ajvYHy+W/rJbSRQTMZ9++OL5Ez/Q==",
        "dependencies": {
          "Grpc.AspNetCore.Server": "2.80.0",
          "Grpc.HealthCheck": "2.80.0"
        }
      },
      "Grpc.AspNetCore.Server": {
        "type": "Transitive",
        "resolved": "2.80.0",
        "contentHash": "lbK7z1sZP5imPdQ035f/CZ61iIaBWouY6A580E9JNo7vzXYX/Qo+GQtSjOzhP9VFbxk7mtLoMhn/v1fT2U7kTw==",
        "dependencies": {
          "Grpc.Net.Common": "2.80.0"
        }
      },
      "Grpc.AspNetCore.Server.ClientFactory": {
        "type": "Transitive",
        "resolved": "2.80.0",
        "contentHash": "7JdfxQZv/pO9qU5Ild2mrkzYA7PmVGDKVmWqKVCZNRSDN/RluRN4S4utYgBSwAcYgUBWQDHNb1Ll7wm3BdHfqw==",
        "dependencies": {
          "Grpc.AspNetCore.Server": "2.80.0",
          "Grpc.Net.ClientFactory": "2.80.0"
        }
      },
      "Grpc.HealthCheck": {
        "type": "Transitive",
        "resolved": "2.80.0",
        "contentHash": "mnTOhVQ/PTFIUEjCzR5w1Lh9AAW/FNVbIFUA3qOHIO2K0tRnzHSwS16INHvrJfaFVO/sHfWj9LJD/avINjqfnw==",
        "dependencies": {
          "Google.Protobuf": "3.31.1",
          "Grpc.Core.Api": "2.80.0"
        }
      },
      "Grpc.Net.Client": {
        "type": "Transitive",
        "resolved": "2.80.0",
        "contentHash": "I1Aa24nTRMHqx0pmQfvthFsOpejquDjiJV6092KBqjw6EEr3wA9CMXlrdkoEgHartOiJrpKyZiQRl7n0NVlfBg==",
        "dependencies": {
          "Grpc.Net.Common": "2.80.0"
        }
      },
      "Grpc.Net.ClientFactory": {
        "type": "Transitive",
        "resolved": "2.80.0",
        "contentHash": "YtY1DWID2phwiGc8qBG7+wf00Do5jE7BkJgCc6nbu5b50OsD89mSd73oCE8fCnUo7IjtDAEYFOYI3NSzgn28gw==",
        "dependencies": {
          "Grpc.Net.Client": "2.80.0"
        }
      },
      "Grpc.Net.Common": {
        "type": "Transitive",
        "resolved": "2.80.0",
        "contentHash": "E2ERsx+9IXlry4yjBl8btx0XMIKzymGNSvX5jmBS/uSwYyYDoKIDcIREyLqFLvd8vcJdcoRlycpvn9YRXutFpQ==",
        "dependencies": {
          "Grpc.Core.Api": "2.80.0"
        }
      },
      "briosa.protocol": {
        "type": "Project",
        "dependencies": {
          "Google.Protobuf": "[3.31.1, )",
          "Grpc.Core.Api": "[2.80.0, )"
        }
      },
      "briosa.worker.control": {
        "type": "Project"
      },
      "Google.Protobuf": {
        "type": "CentralTransitive",
        "requested": "[3.31.1, )",
        "resolved": "3.31.1",
        "contentHash": "gSnJbUmGiOTdWddPhqzrEscHq9Ls6sqRDPB9WptckyjTUyx70JOOAaDLkFff8gManZNN3hllQ4aQInnQyq/Z/A=="
      },
      "Grpc.Core.Api": {
        "type": "CentralTransitive",
        "requested": "[2.80.0, )",
        "resolved": "2.80.0",
        "contentHash": "i/8s+MOrYa6n7BmZ5bilcbHk+EMJDQHm2MKLhwGAT+urQqlZ6cpjvSivYvuULjebuX+UKieLYZbLRCmVQxFRkw=="
      },
      "Grpc.Tools": {
        "type": "CentralTransitive",
        "requested": "[2.80.0, )",
        "resolved": "2.80.0",
        "contentHash": "NS1AxwVZnrdbBoMf5L5ruGjBjoLBej9avhqxWNsgfu2GU6FhpxEVJOwLJsdljlDCjvquJiAH2zf/WodIWMvf2w=="
      }
    },
    "net10.0-windows7.0/win-x64": {}
  }
}