{
  "version": 2,
  "dependencies": {
    "net10.0-windows7.0": {
      "Grpc.AspNetCore": {
        "type": "Direct",
        "requested": "[2.84.0, )",
        "resolved": "2.84.0",
        "contentHash": "mbHMTTCnuimxj2W87YpE6F/EIfJplmrsgMZHRFtdFUaRur3G6dMpO4J1mVsRZCld1Ez/a+yWs3JOElUINXutqA==",
        "dependencies": {
          "Google.Protobuf": "3.35.1",
          "Grpc.AspNetCore.Server.ClientFactory": "2.84.0",
          "Grpc.Tools": "2.84.0"
        }
      },
      "Grpc.AspNetCore.HealthChecks": {
        "type": "Direct",
        "requested": "[2.84.0, )",
        "resolved": "2.84.0",
        "contentHash": "cN5D2o3w6JoJm15E9s3UiBPpQvK1YKNmynzxNF/7m7rFzjO+HBXxDa1YkSkx9h0YHY6tKa3XyLQlZKZC0B0ORA==",
        "dependencies": {
          "Grpc.AspNetCore.Server": "2.84.0",
          "Grpc.HealthCheck": "2.84.0"
        }
      },
      "Grpc.AspNetCore.Server.Reflection": {
        "type": "Direct",
        "requested": "[2.84.0, )",
        "resolved": "2.84.0",
        "contentHash": "nLTaTbwh35peCmQ1bvgDDavQ5HOI+YhIrS5EjiXwBEyy6GRSKD5ImEL08D+Dv6pdLYwy8ouoNmBFNCOmYbVfwQ==",
        "dependencies": {
          "Google.Protobuf": "3.35.1",
          "Grpc.AspNetCore.Server": "2.84.0",
          "Grpc.Reflection": "2.84.0"
        }
      },
      "OpenTelemetry.Exporter.OpenTelemetryProtocol": {
        "type": "Direct",
        "requested": "[1.19.1, )",
        "resolved": "1.19.1",
        "contentHash": "vsYYOBf/KxNubnuoja8pjJ9LG0zCC9HAYPay+R6N5ZKZMbhNdKWbaq6JZqJqTvK+55rudiqErJySekf9ql8okA==",
        "dependencies": {
          "OpenTelemetry": "1.19.1"
        }
      },
      "Serilog.Extensions.Logging": {
        "type": "Direct",
        "requested": "[10.0.0, )",
        "resolved": "10.0.0",
        "contentHash": "vx0kABKl2dWbBhhqAfTOk53/i8aV/5VaT3a6il9gn72Wqs2pM7EK2OB6No6xdqK2IaY6Zf9gdjLuK9BVa2rT+Q==",
        "dependencies": {
          "Serilog": "4.2.0"
        }
      },
      "Serilog.Sinks.Async": {
        "type": "Direct",
        "requested": "[2.1.0, )",
        "resolved": "2.1.0",
        "contentHash": "SnmRknWsSMgyo9wDXeZZCqSp48kkQYy44taSM6vcpxfiRICzSf09oLKEmVr0RCwQnfd8mJQ2WNN6nvhqf0RowQ==",
        "dependencies": {
          "Serilog": "4.1.0"
        }
      },
      "Serilog.Sinks.File": {
        "type": "Direct",
        "requested": "[7.0.0, )",
        "resolved": "7.0.0",
        "contentHash": "fKL7mXv7qaiNBUC71ssvn/dU0k9t0o45+qm2XgKAlSt19xF+ijjxyA3R6HmCgfKEKwfcfkwWjayuQtRueZFkYw==",
        "dependencies": {
          "Serilog": "4.2.0"
        }
      },
      "Grpc.AspNetCore.Server": {
        "type": "Transitive",
        "resolved": "2.84.0",
        "contentHash": "RXUkMjU+Hu5tvf5EXNoJlKX+ADvR2HERkNRznMFpsQQiHFsaQ+OYyhgomuLxAaiNuPUmCUGPxyiCdqq//lrQdg==",
        "dependencies": {
          "Grpc.Net.Common": "2.84.0"
        }
      },
      "Grpc.AspNetCore.Server.ClientFactory": {
        "type": "Transitive",
        "resolved": "2.84.0",
        "contentHash": "cH2s3vbzsyASKZQK2IMK82a6pUyvs+FuGz40i3V5FvpKmWuT9r+vQjn/SqTLtAVY87Vq3x/T/ROTMnT/cIUWqQ==",
        "dependencies": {
          "Grpc.AspNetCore.Server": "2.84.0",
          "Grpc.Net.ClientFactory": "2.84.0"
        }
      },
      "Grpc.HealthCheck": {
        "type": "Transitive",
        "resolved": "2.84.0",
        "contentHash": "ZrfXsj2FL7CXTq+ekayPOKJ3JgfZShY5bvmmZGEHkXTYXn4pLdT9vFgndyMPONoC74pyGIk4Vf5r4Thqo0aYFg==",
        "dependencies": {
          "Google.Protobuf": "3.35.1",
          "Grpc.Core.Api": "2.84.0"
        }
      },
      "Grpc.Net.ClientFactory": {
        "type": "Transitive",
        "resolved": "2.84.0",
        "contentHash": "o14kDW7VGMdam+d60mcpvjRcOC5+klto1Ck8zPpTqqbMP37nh1itrnVahbOL1w1XYZezsbTuIC99iERO7SRXPQ==",
        "dependencies": {
          "Grpc.Net.Client": "2.84.0"
        }
      },
      "Grpc.Net.Common": {
        "type": "Transitive",
        "resolved": "2.84.0",
        "contentHash": "DPxm/H8G/lDRrz997wM0M2zN/PGqVeZKDakhBbtABEbv6WIW4HI9g3BvntBQT6ZUROuGacMzfyyF9e5kiTVFfQ==",
        "dependencies": {
          "Grpc.Core.Api": "2.84.0"
        }
      },
      "OpenTelemetry": {
        "type": "Transitive",
        "resolved": "1.19.1",
        "contentHash": "6ywhc3upf+dq8EsOohj7I7zS3l4yX9vfbtFkvyEC8xIUY4Z9iDIOVuke356eCAzIZaWtmwmmyl2UXYCp5n7I3Q==",
        "dependencies": {
          "OpenTelemetry.Api.ProviderBuilderExtensions": "1.19.1"
        }
      },
      "OpenTelemetry.Api": {
        "type": "Transitive",
        "resolved": "1.19.1",
        "contentHash": "9JKIH+xrV0HNTFjQC8zrx9gZpDOMEljN5Htg/U0VE2IvO3N+7bKALCCsGy5tp09marX5dd8UkrgQFoLaulIBRw=="
      },
      "OpenTelemetry.Api.ProviderBuilderExtensions": {
        "type": "Transitive",
        "resolved": "1.19.1",
        "contentHash": "HtGe72B/IhzKqdU0a3fNE5osax/Cegwxd+p4u6lOFy20nsgmeaFuP2NRyFs1WvrOv/bpkII3IvvBkKoZXG8BLg==",
        "dependencies": {
          "OpenTelemetry.Api": "1.19.1"
        }
      },
      "Serilog": {
        "type": "Transitive",
        "resolved": "4.2.0",
        "contentHash": "gmoWVOvKgbME8TYR+gwMf7osROiWAURterc6Rt2dQyX7wtjZYpqFiA/pY6ztjGQKKV62GGCyOcmtP1UKMHgSmA=="
      },
      "briosa.desktop": {
        "type": "Project",
        "dependencies": {
          "Briosa.Protocol": "[1.0.0, )"
        }
      },
      "briosa.protocol": {
        "type": "Project",
        "dependencies": {
          "Google.Protobuf": "[3.36.2, )",
          "Grpc.Core.Api": "[2.84.0, )"
        }
      },
      "briosa.worker.control": {
        "type": "Project"
      },
      "Google.Protobuf": {
        "type": "CentralTransitive",
        "requested": "[3.36.2, )",
        "resolved": "3.36.2",
        "contentHash": "Ci1q1iJg74qAE5riTA2FbMS0wPbpruPQI/JQ9DrAsRo2VsSxgt1e/pmxGxgrci+pXJEgrSYg2vPl8rrStZkclQ=="
      },
      "Grpc.Core.Api": {
        "type": "CentralTransitive",
        "requested": "[2.84.0, )",
        "resolved": "2.84.0",
        "contentHash": "p2SOMl6q/GZ4/5MLkgboC/z55g4zKUEruRn/g46QgppjQBVnsLZVBU/9VO7n60ll38G3Eo8Zu9b7x+W01GKFVg=="
      },
      "Grpc.Net.Client": {
        "type": "CentralTransitive",
        "requested": "[2.84.0, )",
        "resolved": "2.84.0",
        "contentHash": "My6Fms2YCyAbihTBZZ3kLS39iTY2pkMAzGDBTC6XhPOujg70eB07AEJ7tPiW3tZ70bhFzHcc3+d4j3DaIPF3aA==",
        "dependencies": {
          "Grpc.Net.Common": "2.84.0"
        }
      },
      "Grpc.Reflection": {
        "type": "CentralTransitive",
        "requested": "[2.84.0, )",
        "resolved": "2.84.0",
        "contentHash": "DoXXQZwOzh31IbgYAv/5FEBNvtTtETYvOd/PtYgFlHn3am8a2+Pjvl+XgmfM2J/iJ5gQkE4yAtPkZOdbh5fi7Q==",
        "dependencies": {
          "Google.Protobuf": "3.35.1",
          "Grpc.Core.Api": "2.84.0"
        }
      },
      "Grpc.Tools": {
        "type": "CentralTransitive",
        "requested": "[2.84.0, )",
        "resolved": "2.84.0",
        "contentHash": "SarjdfpQYU/mmdu/fWgSW8kEHQ54jiyG2+I4THu9eubtAud+QJf+1iJdGtoKTJ/ZRaI0qAG+7ttsK2WUTao2OQ=="
      }
    },
    "net10.0-windows7.0/win-x64": {}
  }
}